Microsoft Visual Studio Solution File, Format Version 12.00
# Visual Studio Version 17
VisualStudioVersion = 17.0.31903.59
MinimumVisualStudioVersion = 10.0.40219.1
Project("{9A19103F-16F7-4668-BE54-9A1E7A4F7556}") = "R2Explorer", "R2Explorer\R2Explorer.csproj", "{8E9A9A40-6E6C-4C91-9A6E-3F0F9A0D1C22}"
EndProject
Global
	GlobalSection(SolutionConfigurationPlatforms) = preSolution
		Debug|Any CPU = Debug|Any CPU
		Release|Any CPU = Release|Any CPU
	EndGlobalSection
	GlobalSection(ProjectConfigurationPlatforms) = postSolution
		{8E9A9A40-6E6C-4C91-9A6E-3F0F9A0D1C22}.Debug|Any CPU.ActiveCfg = Debug|Any CPU
		{8E9A9A40-6E6C-4C91-9A6E-3F0F9A0D1C22}.Debug|Any CPU.Build.0 = Debug|Any CPU
		{8E9A9A40-6E6C-4C91-9A6E-3F0F9A0D1C22}.Release|Any CPU.ActiveCfg = Release|Any CPU
		{8E9A9A40-6E6C-4C91-9A6E-3F0F9A0D1C22}.Release|Any CPU.Build.0 = Release|Any CPU
	EndGlobalSection
	GlobalSection(SolutionProperties) = preSolution
		HideSolutionNode = FALSE
	EndGlobalSection
	GlobalSection(ExtensibilityGlobals) = postSolution
		SolutionGuid = {C5F0A9E3-4B8D-4C6A-9F2E-1A2B3C4D5E6F}
	EndGlobalSection
EndGlobal
